
Microsoft Visual Studio Solution File, Format Version 12.00
# Visual Studio Version 16
VisualStudioVersion = 16.0.810.18
MinimumVisualStudioVersion = 10.0.40219.1
Project("{FAE04EC0-301F-11D3-BF4B-00C04F79EFBC}") = "WaterProject", "WaterProject\WaterProject.csproj", "{53943FBB-E67D-46F6-99B5-7125D86DBBED}"
EndProject
Global
	GlobalSection(SolutionConfigurationPlatforms) = preSolution
		Debug|Any CPU = Debug|Any CPU
		Release|Any CPU = Release|Any CPU
	EndGlobalSection
	GlobalSection(ProjectConfigurationPlatforms) = postSolution
		{53943FBB-E67D-46F6-99B5-7125D86DBBED}.Debug|Any CPU.ActiveCfg = Debug|Any CPU
		{53943FBB-E67D-46F6-99B5-7125D86DBBED}.Debug|Any CPU.Build.0 = Debug|Any CPU
		{53943FBB-E67D-46F6-99B5-7125D86DBBED}.Release|Any CPU.ActiveCfg = Release|Any CPU
		{53943FBB-E67D-46F6-99B5-7125D86DBBED}.Release|Any CPU.Build.0 = Release|Any CPU
	EndGlobalSection
	GlobalSection(SolutionProperties) = preSolution
		HideSolutionNode = FALSE
	EndGlobalSection
	GlobalSection(ExtensibilityGlobals) = postSolution
		SolutionGuid = {ADEFDA97-C164-496F-94A3-E04CD7BB36C6}
	EndGlobalSection
EndGlobal
